PODS:
  - Alamofire (4.7.3)
  - lottie-ios (3.1.3)

DEPENDENCIES:
  - Alamofire (~> 4.7.3)
  - lottie-ios

SPEC REPOS:
  trunk:
    - Alamofire
    - lottie-ios

SPEC CHECKSUMS:
  Alamofire: c7287b6e5d7da964a70935e5db17046b7fde6568
  lottie-ios: 496ac5cea1bbf1a7bd1f1f472f3232eb1b8d744b

PODFILE CHECKSUM: 6c02b40b8691bcbde12ffd8967281be998fa7fcd

COCOAPODS: 1.8.3
